// !$*UTF8*$!
{
	archiveVersion = 1;
	classes = {
	};
	objectVersion = 51;
	objects = {

/* Begin PBXBuildFile section */
		4B3D7FC82496E30700D73101 /* AppDelegate.swift in Sources */ = {isa = PBXBuildFile; fileRef = 4B3D7FC72496E30700D73101 /* AppDelegate.swift */; };
		4B3D7FCA2496E30700D73101 /* SceneDelegate.swift in Sources */ = {isa = PBXBuildFile; fileRef = 4B3D7FC92496E30700D73101 /* SceneDelegate.swift */; };
		4B3D7FCC2496E30700D73101 /* ViewController.swift in Sources */ = {isa = PBXBuildFile; fileRef = 4B3D7FCB2496E30700D73101 /* ViewController.swift */; };
		4B3D7FCF2496E30700D73101 /* Main.storyboard in Resources */ = {isa = PBXBuildFile; fileRef = 4B3D7FCD2496E30700D73101 /* Main.storyboard */; };
		4B3D7FD12496E30A00D73101 /* Assets.xcassets in Resources */ = {isa = PBXBuildFile; fileRef = 4B3D7FD02496E30A00D73101 /* Assets.xcassets */; };
		4B3D7FD42496E30A00D73101 /* LaunchScreen.storyboard in Resources */ = {isa = PBXBuildFile; fileRef = 4B3D7FD22496E30A00D73101 /* LaunchScreen.storyboard */; };
		4B3D7FDF2496E4FE00D73101 /* Constants.swift in Sources */ = {isa = PBXBuildFile; fileRef = 4B3D7FDE2496E4FE00D73101 /* Constants.swift */; };
		4B3D7FE32499719800D73101 /* WelcomeViewController.swift in Sources */ = {isa = PBXBuildFile; fileRef = 4B3D7FE22499719800D73101 /* WelcomeViewController.swift */; };
		4B3D7FE52499736500D73101 /* LoginViewController.swift in Sources */ = {isa = PBXBuildFile; fileRef = 4B3D7FE42499736500D73101 /* LoginViewController.swift */; };
		4B3D7FED2499BBAE00D73101 /* PostLoginUserEntity.swift in Sources */ = {isa = PBXBuildFile; fileRef = 4B3D7FEC2499BBAE00D73101 /* PostLoginUserEntity.swift */; };
		4B3D7FEF2499BCE100D73101 /* PostLoginResponse.swift in Sources */ = {isa = PBXBuildFile; fileRef = 4B3D7FEE2499BCE100D73101 /* PostLoginResponse.swift */; };
		4B578FCF249A6B8700D35130 /* ApiPath.swift in Sources */ = {isa = PBXBuildFile; fileRef = 4B578FCE249A6B8700D35130 /* ApiPath.swift */; };
		4B578FD1249D4D8B00D35130 /* GetMenuByID.swift in Sources */ = {isa = PBXBuildFile; fileRef = 4B578FD0249D4D8B00D35130 /* GetMenuByID.swift */; };
		4B578FD3249D4ECC00D35130 /* MenuItem.swift in Sources */ = {isa = PBXBuildFile; fileRef = 4B578FD2249D4ECC00D35130 /* MenuItem.swift */; };
		4B578FD5249D525D00D35130 /* GetAllMenus.swift in Sources */ = {isa = PBXBuildFile; fileRef = 4B578FD4249D525D00D35130 /* GetAllMenus.swift */; };
		4B578FD724A1264C00D35130 /* GetCategoryByID.swift in Sources */ = {isa = PBXBuildFile; fileRef = 4B578FD624A1264C00D35130 /* GetCategoryByID.swift */; };
		4B578FD924A2A92500D35130 /* Creds.swift in Sources */ = {isa = PBXBuildFile; fileRef = 4B578FD824A2A92500D35130 /* Creds.swift */; };
		4B578FDB24BCC8F900D35130 /* PostCategoryEntity.swift in Sources */ = {isa = PBXBuildFile; fileRef = 4B578FDA24BCC8F900D35130 /* PostCategoryEntity.swift */; };
		4B5A9B1F24D1DB940000201B /* CategoryCVC.swift in Sources */ = {isa = PBXBuildFile; fileRef = 4B5A9B1E24D1DB940000201B /* CategoryCVC.swift */; };
		4B5A9B2124D1DCA60000201B /* CategoryCVCCell.swift in Sources */ = {isa = PBXBuildFile; fileRef = 4B5A9B2024D1DCA60000201B /* CategoryCVCCell.swift */; };
		4BA3EFA824C6566900A46AC1 /* GetMenuItemById.swift in Sources */ = {isa = PBXBuildFile; fileRef = 4BA3EFA724C6566900A46AC1 /* GetMenuItemById.swift */; };
		4BA3EFB024C8C84500A46AC1 /* CustomCollectionViewCell.swift in Sources */ = {isa = PBXBuildFile; fileRef = 4BA3EFAF24C8C84500A46AC1 /* CustomCollectionViewCell.swift */; };
		A294DF573F2EE4211D9E14E3 /* Pods_RestaurantApp.framework in Frameworks */ = {isa = PBXBuildFile; fileRef = E3C8555BF18B5CB87646E820 /* Pods_RestaurantApp.framework */; };
/* End PBXBuildFile section */

/* Begin PBXFileReference section */
		4B3D7FC42496E30700D73101 /* RestaurantApp.app */ = {isa = PBXFileReference; explicitFileType = wrapper.application; includeInIndex = 0; path = RestaurantApp.app; sourceTree = BUILT_PRODUCTS_DIR; };
		4B3D7FC72496E30700D73101 /* AppDelegate.swift */ = {isa = PBXFileReference; lastKnownFileType = sourcecode.swift; path = AppDelegate.swift; sourceTree = "<group>"; };
		4B3D7FC92496E30700D73101 /* SceneDelegate.swift */ = {isa = PBXFileReference; lastKnownFileType = sourcecode.swift; path = SceneDelegate.swift; sourceTree = "<group>"; };
		4B3D7FCB2496E30700D73101 /* ViewController.swift */ = {isa = PBXFileReference; lastKnownFileType = sourcecode.swift; path = ViewController.swift; sourceTree = "<group>"; };
		4B3D7FCE2496E30700D73101 /* Base */ = {isa = PBXFileReference; lastKnownFileType = file.storyboard; name = Base; path = Base.lproj/Main.storyboard; sourceTree = "<group>"; };
		4B3D7FD02496E30A00D73101 /* Assets.xcassets */ = {isa = PBXFileReference; lastKnownFileType = folder.assetcatalog; path = Assets.xcassets; sourceTree = "<group>"; };
		4B3D7FD32496E30A00D73101 /* Base */ = {isa = PBXFileReference; lastKnownFileType = file.storyboard; name = Base; path = Base.lproj/LaunchScreen.storyboard; sourceTree = "<group>"; };
		4B3D7FD52496E30A00D73101 /* Info.plist */ = {isa = PBXFileReference; lastKnownFileType = text.plist.xml; path = Info.plist; sourceTree = "<group>"; };
		4B3D7FDE2496E4FE00D73101 /* Constants.swift */ = {isa = PBXFileReference; lastKnownFileType = sourcecode.swift; path = Constants.swift; sourceTree = "<group>"; };
		4B3D7FE22499719800D73101 /* WelcomeViewController.swift */ = {isa = PBXFileReference; lastKnownFileType = sourcecode.swift; path = WelcomeViewController.swift; sourceTree = "<group>"; };
		4B3D7FE42499736500D73101 /* LoginViewController.swift */ = {isa = PBXFileReference; lastKnownFileType = sourcecode.swift; name = LoginViewController.swift; path = RestaurantApp/Controller/LoginViewController.swift; sourceTree = SOURCE_ROOT; };
		4B3D7FEC2499BBAE00D73101 /* PostLoginUserEntity.swift */ = {isa = PBXFileReference; lastKnownFileType = sourcecode.swift; path = PostLoginUserEntity.swift; sourceTree = "<group>"; };
		4B3D7FEE2499BCE100D73101 /* PostLoginResponse.swift */ = {isa = PBXFileReference; lastKnownFileType = sourcecode.swift; path = PostLoginResponse.swift; sourceTree = "<group>"; };
		4B578FCE249A6B8700D35130 /* ApiPath.swift */ = {isa = PBXFileReference; lastKnownFileType = sourcecode.swift; path = ApiPath.swift; sourceTree = "<group>"; };
		4B578FD0249D4D8B00D35130 /* GetMenuByID.swift */ = {isa = PBXFileReference; lastKnownFileType = sourcecode.swift; path = GetMenuByID.swift; sourceTree = "<group>"; };
		4B578FD2249D4ECC00D35130 /* MenuItem.swift */ = {isa = PBXFileReference; lastKnownFileType = sourcecode.swift; path = MenuItem.swift; sourceTree = "<group>"; };
		4B578FD4249D525D00D35130 /* GetAllMenus.swift */ = {isa = PBXFileReference; lastKnownFileType = sourcecode.swift; path = GetAllMenus.swift; sourceTree = "<group>"; };
		4B578FD624A1264C00D35130 /* GetCategoryByID.swift */ = {isa = PBXFileReference; lastKnownFileType = sourcecode.swift; path = GetCategoryByID.swift; sourceTree = "<group>"; };
		4B578FD824A2A92500D35130 /* Creds.swift */ = {isa = PBXFileReference; lastKnownFileType = sourcecode.swift; path = Creds.swift; sourceTree = "<group>"; };
		4B578FDA24BCC8F900D35130 /* PostCategoryEntity.swift */ = {isa = PBXFileReference; lastKnownFileType = sourcecode.swift; path = PostCategoryEntity.swift; sourceTree = "<group>"; };
		4B5A9B1E24D1DB940000201B /* CategoryCVC.swift */ = {isa = PBXFileReference; lastKnownFileType = sourcecode.swift; path = CategoryCVC.swift; sourceTree = "<group>"; };
		4B5A9B2024D1DCA60000201B /* CategoryCVCCell.swift */ = {isa = PBXFileReference; lastKnownFileType = sourcecode.swift; path = CategoryCVCCell.swift; sourceTree = "<group>"; };
		4BA3EFA724C6566900A46AC1 /* GetMenuItemById.swift */ = {isa = PBXFileReference; lastKnownFileType = sourcecode.swift; path = GetMenuItemById.swift; sourceTree = "<group>"; };
		4BA3EFAF24C8C84500A46AC1 /* CustomCollectionViewCell.swift */ = {isa = PBXFileReference; lastKnownFileType = sourcecode.swift; path = CustomCollectionViewCell.swift; sourceTree = "<group>"; };
		B75149DFF2BB13485DECC79B /* Pods-RestaurantApp.release.xcconfig */ = {isa = PBXFileReference; includeInIndex = 1; lastKnownFileType = text.xcconfig; name = "Pods-RestaurantApp.release.xcconfig"; path = "Target Support Files/Pods-RestaurantApp/Pods-RestaurantApp.release.xcconfig"; sourceTree = "<group>"; };
		E3C8555BF18B5CB87646E820 /* Pods_RestaurantApp.framework */ = {isa = PBXFileReference; explicitFileType = wrapper.framework; includeInIndex = 0; path = Pods_RestaurantApp.framework; sourceTree = BUILT_PRODUCTS_DIR; };
		F9218330425F497451EE344A /* Pods-RestaurantApp.debug.xcconfig */ = {isa = PBXFileReference; includeInIndex = 1; lastKnownFileType = text.xcconfig; name = "Pods-RestaurantApp.debug.xcconfig"; path = "Target Support Files/Pods-RestaurantApp/Pods-RestaurantApp.debug.xcconfig"; sourceTree = "<group>"; };
/* End PBXFileReference section */

/* Begin PBXFrameworksBuildPhase section */
		4B3D7FC12496E30700D73101 /* Frameworks */ = {
			isa = PBXFrameworksBuildPhase;
			buildActionMask = 2147483647;
			files = (
				A294DF573F2EE4211D9E14E3 /* Pods_RestaurantApp.framework in Frameworks */,
			);
			runOnlyForDeploymentPostprocessing = 0;
		};
/* End PBXFrameworksBuildPhase section */

/* Begin PBXGroup section */
		2947D06276E48CB428B38EFD /* Frameworks */ = {
			isa = PBXGroup;
			children = (
				E3C8555BF18B5CB87646E820 /* Pods_RestaurantApp.framework */,
			);
			name = Frameworks;
			sourceTree = "<group>";
		};
		4B3D7FBB2496E30700D73101 = {
			isa = PBXGroup;
			children = (
				4B3D7FC62496E30700D73101 /* RestaurantApp */,
				4B3D7FC52496E30700D73101 /* Products */,
				D09C6B700D37CB804E0CE1E7 /* Pods */,
				2947D06276E48CB428B38EFD /* Frameworks */,
			);
			sourceTree = "<group>";
		};
		4B3D7FC52496E30700D73101 /* Products */ = {
			isa = PBXGroup;
			children = (
				4B3D7FC42496E30700D73101 /* RestaurantApp.app */,
			);
			name = Products;
			sourceTree = "<group>";
		};
		4B3D7FC62496E30700D73101 /* RestaurantApp */ = {
			isa = PBXGroup;
			children = (
				4B3D7FEA2499BABA00D73101 /* Networking */,
				4B3D7FDD2496E4DF00D73101 /* Constants */,
				4B3D7FDC2496E4D500D73101 /* Controller */,
				4B3D7FDB2496E4BB00D73101 /* View */,
				4B3D7FCD2496E30700D73101 /* Main.storyboard */,
				4B3D7FD02496E30A00D73101 /* Assets.xcassets */,
				4B3D7FD22496E30A00D73101 /* LaunchScreen.storyboard */,
				4B3D7FD52496E30A00D73101 /* Info.plist */,
			);
			path = RestaurantApp;
			sourceTree = "<group>";
		};
		4B3D7FDB2496E4BB00D73101 /* View */ = {
			isa = PBXGroup;
			children = (
				4BA3EFA924C720AA00A46AC1 /* DelegateFiles */,
			);
			path = View;
			sourceTree = "<group>";
		};
		4B3D7FDC2496E4D500D73101 /* Controller */ = {
			isa = PBXGroup;
			children = (
				4B3D7FE22499719800D73101 /* WelcomeViewController.swift */,
				4B3D7FCB2496E30700D73101 /* ViewController.swift */,
				4B3D7FE42499736500D73101 /* LoginViewController.swift */,
				4B5A9B1E24D1DB940000201B /* CategoryCVC.swift */,
			);
			path = Controller;
			sourceTree = "<group>";
		};
		4B3D7FDD2496E4DF00D73101 /* Constants */ = {
			isa = PBXGroup;
			children = (
				4B3D7FDE2496E4FE00D73101 /* Constants.swift */,
			);
			path = Constants;
			sourceTree = "<group>";
		};
		4B3D7FEA2499BABA00D73101 /* Networking */ = {
			isa = PBXGroup;
			children = (
				4B3D7FEB2499BAD800D73101 /* Entities */,
			);
			path = Networking;
			sourceTree = "<group>";
		};
		4B3D7FEB2499BAD800D73101 /* Entities */ = {
			isa = PBXGroup;
			children = (
				4BA3EFB124C8D94800A46AC1 /* MenuItems */,
				4BA3EFAE24C8C82C00A46AC1 /* Cells */,
				4B578FDD24BCCCE800D35130 /* Menu */,
				4B578FDC24BCC9AB00D35130 /* Categories */,
				4B3D7FEC2499BBAE00D73101 /* PostLoginUserEntity.swift */,
				4B3D7FEE2499BCE100D73101 /* PostLoginResponse.swift */,
				4B578FCE249A6B8700D35130 /* ApiPath.swift */,
				4B578FD824A2A92500D35130 /* Creds.swift */,
			);
			path = Entities;
			sourceTree = "<group>";
		};
		4B578FDC24BCC9AB00D35130 /* Categories */ = {
			isa = PBXGroup;
			children = (
				4B578FDA24BCC8F900D35130 /* PostCategoryEntity.swift */,
				4B578FD624A1264C00D35130 /* GetCategoryByID.swift */,
			);
			path = Categories;
			sourceTree = "<group>";
		};
		4B578FDD24BCCCE800D35130 /* Menu */ = {
			isa = PBXGroup;
			children = (
				4B578FD0249D4D8B00D35130 /* GetMenuByID.swift */,
				4B578FD4249D525D00D35130 /* GetAllMenus.swift */,
			);
			path = Menu;
			sourceTree = "<group>";
		};
		4BA3EFA924C720AA00A46AC1 /* DelegateFiles */ = {
			isa = PBXGroup;
			children = (
				4B3D7FC72496E30700D73101 /* AppDelegate.swift */,
				4B3D7FC92496E30700D73101 /* SceneDelegate.swift */,
			);
			path = DelegateFiles;
			sourceTree = "<group>";
		};
		4BA3EFAE24C8C82C00A46AC1 /* Cells */ = {
			isa = PBXGroup;
			children = (
				4BA3EFAF24C8C84500A46AC1 /* CustomCollectionViewCell.swift */,
				4B5A9B2024D1DCA60000201B /* CategoryCVCCell.swift */,
			);
			path = Cells;
			sourceTree = "<group>";
		};
		4BA3EFB124C8D94800A46AC1 /* MenuItems */ = {
			isa = PBXGroup;
			children = (
				4BA3EFA724C6566900A46AC1 /* GetMenuItemById.swift */,
				4B578FD2249D4ECC00D35130 /* MenuItem.swift */,
			);
			path = MenuItems;
			sourceTree = "<group>";
		};
		D09C6B700D37CB804E0CE1E7 /* Pods */ = {
			isa = PBXGroup;
			children = (
				F9218330425F497451EE344A /* Pods-RestaurantApp.debug.xcconfig */,
				B75149DFF2BB13485DECC79B /* Pods-RestaurantApp.release.xcconfig */,
			);
			path = Pods;
			sourceTree = "<group>";
		};
/* End PBXGroup section */

/* Begin PBXNativeTarget section */
		4B3D7FC32496E30700D73101 /* RestaurantApp */ = {
			isa = PBXNativeTarget;
			buildConfigurationList = 4B3D7FD82496E30A00D73101 /* Build configuration list for PBXNativeTarget "RestaurantApp" */;
			buildPhases = (
				28D49309C5DF34740CE3855E /* [CP] Check Pods Manifest.lock */,
				4B3D7FC02496E30700D73101 /* Sources */,
				4B3D7FC12496E30700D73101 /* Frameworks */,
				4B3D7FC22496E30700D73101 /* Resources */,
				4554145316E91F449FD3962D /* [CP] Embed Pods Frameworks */,
			);
			buildRules = (
			);
			dependencies = (
			);
			name = RestaurantApp;
			productName = RestaurantApp;
			productReference = 4B3D7FC42496E30700D73101 /* RestaurantApp.app */;
			productType = "com.apple.product-type.application";
		};
/* End PBXNativeTarget section */

/* Begin PBXProject section */
		4B3D7FBC2496E30700D73101 /* Project object */ = {
			isa = PBXProject;
			attributes = {
				LastSwiftUpdateCheck = 1150;
				LastUpgradeCheck = 1150;
				ORGANIZATIONNAME = "Ryan Perrigo";
				TargetAttributes = {
					4B3D7FC32496E30700D73101 = {
						CreatedOnToolsVersion = 11.5;
					};
				};
			};
			buildConfigurationList = 4B3D7FBF2496E30700D73101 /* Build configuration list for PBXProject "RestaurantApp" */;
			compatibilityVersion = "Xcode 9.3";
			developmentRegion = en;
			hasScannedForEncodings = 0;
			knownRegions = (
				en,
				Base,
			);
			mainGroup = 4B3D7FBB2496E30700D73101;
			productRefGroup = 4B3D7FC52496E30700D73101 /* Products */;
			projectDirPath = "";
			projectRoot = "";
			targets = (
				4B3D7FC32496E30700D73101 /* RestaurantApp */,
			);
		};
/* End PBXProject section */

/* Begin PBXResourcesBuildPhase section */
		4B3D7FC22496E30700D73101 /* Resources */ = {
			isa = PBXResourcesBuildPhase;
			buildActionMask = 2147483647;
			files = (
				4B3D7FD42496E30A00D73101 /* LaunchScreen.storyboard in Resources */,
				4B3D7FD12496E30A00D73101 /* Assets.xcassets in Resources */,
				4B3D7FCF2496E30700D73101 /* Main.storyboard in Resources */,
			);
			runOnlyForDeploymentPostprocessing = 0;
		};
/* End PBXResourcesBuildPhase section */

/* Begin PBXShellScriptBuildPhase section */
		28D49309C5DF34740CE3855E /* [CP] Check Pods Manifest.lock */ = {
			isa = PBXShellScriptBuildPhase;
			buildActionMask = 2147483647;
			files = (
			);
			inputFileListPaths = (
			);
			inputPaths = (
				"${PODS_PODFILE_DIR_PATH}/Podfile.lock",
				"${PODS_ROOT}/Manifest.lock",
			);
			name = "[CP] Check Pods Manifest.lock";
			outputFileListPaths = (
			);
			outputPaths = (
				"$(DERIVED_FILE_DIR)/Pods-RestaurantApp-checkManifestLockResult.txt",
			);
			runOnlyForDeploymentPostprocessing = 0;
			shellPath = /bin/sh;
			shellScript = "diff \"${PODS_PODFILE_DIR_PATH}/Podfile.lock\" \"${PODS_ROOT}/Manifest.lock\" > /dev/null\nif [ $? != 0 ] ; then\n    # print error to STDERR\n    echo \"error: The sandbox is not in sync with the Podfile.lock. Run 'pod install' or update your CocoaPods installation.\" >&2\n    exit 1\nfi\n# This output is used by Xcode 'outputs' to avoid re-running this script phase.\necho \"SUCCESS\" > \"${SCRIPT_OUTPUT_FILE_0}\"\n";
			showEnvVarsInLog = 0;
		};
		4554145316E91F449FD3962D /* [CP] Embed Pods Frameworks */ = {
			isa = PBXShellScriptBuildPhase;
			buildActionMask = 2147483647;
			files = (
			);
			inputFileListPaths = (
				"${PODS_ROOT}/Target Support Files/Pods-RestaurantApp/Pods-RestaurantApp-frameworks-${CONFIGURATION}-input-files.xcfilelist",
			);
			name = "[CP] Embed Pods Frameworks";
			outputFileListPaths = (
				"${PODS_ROOT}/Target Support Files/Pods-RestaurantApp/Pods-RestaurantApp-frameworks-${CONFIGURATION}-output-files.xcfilelist",
			);
			runOnlyForDeploymentPostprocessing = 0;
			shellPath = /bin/sh;
			shellScript = "\"${PODS_ROOT}/Target Support Files/Pods-RestaurantApp/Pods-RestaurantApp-frameworks.sh\"\n";
			showEnvVarsInLog = 0;
		};
/* End PBXShellScriptBuildPhase section */

/* Begin PBXSourcesBuildPhase section */
		4B3D7FC02496E30700D73101 /* Sources */ = {
			isa = PBXSourcesBuildPhase;
			buildActionMask = 2147483647;
			files = (
				4B578FD5249D525D00D35130 /* GetAllMenus.swift in Sources */,
				4B3D7FE52499736500D73101 /* LoginViewController.swift in Sources */,
				4B3D7FCC2496E30700D73101 /* ViewController.swift in Sources */,
				4B3D7FC82496E30700D73101 /* AppDelegate.swift in Sources */,
				4B3D7FE32499719800D73101 /* WelcomeViewController.swift in Sources */,
				4B578FD924A2A92500D35130 /* Creds.swift in Sources */,
				4B3D7FCA2496E30700D73101 /* SceneDelegate.swift in Sources */,
				4B578FD724A1264C00D35130 /* GetCategoryByID.swift in Sources */,
				4BA3EFB024C8C84500A46AC1 /* CustomCollectionViewCell.swift in Sources */,
				4B3D7FDF2496E4FE00D73101 /* Constants.swift in Sources */,
				4B578FD1249D4D8B00D35130 /* GetMenuByID.swift in Sources */,
				4B3D7FEF2499BCE100D73101 /* PostLoginResponse.swift in Sources */,
				4B578FDB24BCC8F900D35130 /* PostCategoryEntity.swift in Sources */,
				4BA3EFA824C6566900A46AC1 /* GetMenuItemById.swift in Sources */,
				4B5A9B2124D1DCA60000201B /* CategoryCVCCell.swift in Sources */,
				4B5A9B1F24D1DB940000201B /* CategoryCVC.swift in Sources */,
				4B578FD3249D4ECC00D35130 /* MenuItem.swift in Sources */,
				4B3D7FED2499BBAE00D73101 /* PostLoginUserEntity.swift in Sources */,
				4B578FCF249A6B8700D35130 /* ApiPath.swift in Sources */,
			);
			runOnlyForDeploymentPostprocessing = 0;
		};
/* End PBXSourcesBuildPhase section */

/* Begin PBXVariantGroup section */
		4B3D7FCD2496E30700D73101 /* Main.storyboard */ = {
			isa = PBXVariantGroup;
			children = (
				4B3D7FCE2496E30700D73101 /* Base */,
			);
			name = Main.storyboard;
			sourceTree = "<group>";
		};
		4B3D7FD22496E30A00D73101 /* LaunchScreen.storyboard */ = {
			isa = PBXVariantGroup;
			children = (
				4B3D7FD32496E30A00D73101 /* Base */,
			);
			name = LaunchScreen.storyboard;
			sourceTree = "<group>";
		};
/* End PBXVariantGroup section */

/* Begin XCBuildConfiguration section */
		4B3D7FD62496E30A00D73101 /* Debug */ = {
			isa = XCBuildConfiguration;
			buildSettings = {
				ALWAYS_SEARCH_USER_PATHS = NO;
				CLANG_ANALYZER_NONNULL = YES;
				CLANG_ANALYZER_NUMBER_OBJECT_CONVERSION = YES_AGGRESSIVE;
				CLANG_CXX_LANGUAGE_STANDARD = "gnu++14";
				CLANG_CXX_LIBRARY = "libc++";
				CLANG_ENABLE_MODULES = YES;
				CLANG_ENABLE_OBJC_ARC = YES;
				CLANG_ENABLE_OBJC_WEAK = YES;
				CLANG_WARN_BLOCK_CAPTURE_AUTORELEASING = YES;
				CLANG_WARN_BOOL_CONVERSION = YES;
				CLANG_WARN_COMMA = YES;
				CLANG_WARN_CONSTANT_CONVERSION = YES;
				CLANG_WARN_DEPRECATED_OBJC_IMPLEMENTATIONS = YES;
				CLANG_WARN_DIRECT_OBJC_ISA_USAGE = YES_ERROR;
				CLANG_WARN_DOCUMENTATION_COMMENTS = YES;
				CLANG_WARN_EMPTY_BODY = YES;
				CLANG_WARN_ENUM_CONVERSION = YES;
				CLANG_WARN_INFINITE_RECURSION = YES;
				CLANG_WARN_INT_CONVERSION = YES;
				CLANG_WARN_NON_LITERAL_NULL_CONVERSION = YES;
				CLANG_WARN_OBJC_IMPLICIT_RETAIN_SELF = YES;
				CLANG_WARN_OBJC_LITERAL_CONVERSION = YES;
				CLANG_WARN_OBJC_ROOT_CLASS = YES_ERROR;
				CLANG_WARN_RANGE_LOOP_ANALYSIS = YES;
				CLANG_WARN_STRICT_PROTOTYPES = YES;
				CLANG_WARN_SUSPICIOUS_MOVE = YES;
				CLANG_WARN_UNGUARDED_AVAILABILITY = YES_AGGRESSIVE;
				CLANG_WARN_UNREACHABLE_CODE = YES;
				CLANG_WARN__DUPLICATE_METHOD_MATCH = YES;
				COPY_PHASE_STRIP = NO;
				DEBUG_INFORMATION_FORMAT = dwarf;
				ENABLE_STRICT_OBJC_MSGSEND = YES;
				ENABLE_TESTABILITY = YES;
				GCC_C_LANGUAGE_STANDARD = gnu11;
				GCC_DYNAMIC_NO_PIC = NO;
				GCC_NO_COMMON_BLOCKS = YES;
				GCC_OPTIMIZATION_LEVEL = 0;
				GCC_PREPROCESSOR_DEFINITIONS = (
					"DEBUG=1",
					"$(inherited)",
				);
				GCC_WARN_64_TO_32_BIT_CONVERSION = YES;
				GCC_WARN_ABOUT_RETURN_TYPE = YES_ERROR;
				GCC_WARN_UNDECLARED_SELECTOR = YES;
				GCC_WARN_UNINITIALIZED_AUTOS = YES_AGGRESSIVE;
				GCC_WARN_UNUSED_FUNCTION = YES;
				GCC_WARN_UNUSED_VARIABLE = YES;
				IPHONEOS_DEPLOYMENT_TARGET = 13.5;
				MTL_ENABLE_DEBUG_INFO = INCLUDE_SOURCE;
				MTL_FAST_MATH = YES;
				ONLY_ACTIVE_ARCH = YES;
				SDKROOT = iphoneos;
				SWIFT_ACTIVE_COMPILATION_CONDITIONS = DEBUG;
				SWIFT_OPTIMIZATION_LEVEL = "-Onone";
			};
			name = Debug;
		};
		4B3D7FD72496E30A00D73101 /* Release */ = {
			isa = XCBuildConfiguration;
			buildSettings = {
				ALWAYS_SEARCH_USER_PATHS = NO;
				CLANG_ANALYZER_NONNULL = YES;
				CLANG_ANALYZER_NUMBER_OBJECT_CONVERSION = YES_AGGRESSIVE;
				CLANG_CXX_LANGUAGE_STANDARD = "gnu++14";
				CLANG_CXX_LIBRARY = "libc++";
				CLANG_ENABLE_MODULES = YES;
				CLANG_ENABLE_OBJC_ARC = YES;
				CLANG_ENABLE_OBJC_WEAK = YES;
				CLANG_WARN_BLOCK_CAPTURE_AUTORELEASING = YES;
				CLANG_WARN_BOOL_CONVERSION = YES;
				CLANG_WARN_COMMA = YES;
				CLANG_WARN_CONSTANT_CONVERSION = YES;
				CLANG_WARN_DEPRECATED_OBJC_IMPLEMENTATIONS = YES;
				CLANG_WARN_DIRECT_OBJC_ISA_USAGE = YES_ERROR;
				CLANG_WARN_DOCUMENTATION_COMMENTS = YES;
				CLANG_WARN_EMPTY_BODY = YES;
				CLANG_WARN_ENUM_CONVERSION = YES;
				CLANG_WARN_INFINITE_RECURSION = YES;
				CLANG_WARN_INT_CONVERSION = YES;
				CLANG_WARN_NON_LITERAL_NULL_CONVERSION = YES;
				CLANG_WARN_OBJC_IMPLICIT_RETAIN_SELF = YES;
				CLANG_WARN_OBJC_LITERAL_CONVERSION = YES;
				CLANG_WARN_OBJC_ROOT_CLASS = YES_ERROR;
				CLANG_WARN_RANGE_LOOP_ANALYSIS = YES;
				CLANG_WARN_STRICT_PROTOTYPES = YES;
				CLANG_WARN_SUSPICIOUS_MOVE = YES;
				CLANG_WARN_UNGUARDED_AVAILABILITY = YES_AGGRESSIVE;
				CLANG_WARN_UNREACHABLE_CODE = YES;
				CLANG_WARN__DUPLICATE_METHOD_MATCH = YES;
				COPY_PHASE_STRIP = NO;
				DEBUG_INFORMATION_FORMAT = "dwarf-with-dsym";
				ENABLE_NS_ASSERTIONS = NO;
				ENABLE_STRICT_OBJC_MSGSEND = YES;
				GCC_C_LANGUAGE_STANDARD = gnu11;
				GCC_NO_COMMON_BLOCKS = YES;
				GCC_WARN_64_TO_32_BIT_CONVERSION = YES;
				GCC_WARN_ABOUT_RETURN_TYPE = YES_ERROR;
				GCC_WARN_UNDECLARED_SELECTOR = YES;
				GCC_WARN_UNINITIALIZED_AUTOS = YES_AGGRESSIVE;
				GCC_WARN_UNUSED_FUNCTION = YES;
				GCC_WARN_UNUSED_VARIABLE = YES;
				IPHONEOS_DEPLOYMENT_TARGET = 13.5;
				MTL_ENABLE_DEBUG_INFO = NO;
				MTL_FAST_MATH = YES;
				SDKROOT = iphoneos;
				SWIFT_COMPILATION_MODE = wholemodule;
				SWIFT_OPTIMIZATION_LEVEL = "-O";
				VALIDATE_PRODUCT = YES;
			};
			name = Release;
		};
		4B3D7FD92496E30A00D73101 /* Debug */ = {
			isa = XCBuildConfiguration;
			baseConfigurationReference = F9218330425F497451EE344A /* Pods-RestaurantApp.debug.xcconfig */;
			buildSettings = {
				ASSETCATALOG_COMPILER_APPICON_NAME = AppIcon;
				CODE_SIGN_STYLE = Automatic;
				DEVELOPMENT_TEAM = ZAY3HZ6DTU;
				INFOPLIST_FILE = RestaurantApp/Info.plist;
				LD_RUNPATH_SEARCH_PATHS = (
					"$(inherited)",
					"@executable_path/Frameworks",
				);
				PRODUCT_BUNDLE_IDENTIFIER = co.Imantium.RestaurantApp;
				PRODUCT_NAME = "$(TARGET_NAME)";
				SWIFT_VERSION = 5.0;
				TARGETED_DEVICE_FAMILY = "1,2";
			};
			name = Debug;
		};
		4B3D7FDA2496E30A00D73101 /* Release */ = {
			isa = XCBuildConfiguration;
			baseConfigurationReference = B75149DFF2BB13485DECC79B /* Pods-RestaurantApp.release.xcconfig */;
			buildSettings = {
				ASSETCATALOG_COMPILER_APPICON_NAME = AppIcon;
				CODE_SIGN_STYLE = Automatic;
				DEVELOPMENT_TEAM = ZAY3HZ6DTU;
				INFOPLIST_FILE = RestaurantApp/Info.plist;
				LD_RUNPATH_SEARCH_PATHS = (
					"$(inherited)",
					"@executable_path/Frameworks",
				);
				PRODUCT_BUNDLE_IDENTIFIER = co.Imantium.RestaurantApp;
				PRODUCT_NAME = "$(TARGET_NAME)";
				SWIFT_VERSION = 5.0;
				TARGETED_DEVICE_FAMILY = "1,2";
			};
			name = Release;
		};
/* End XCBuildConfiguration section */

/* Begin XCConfigurationList section */
		4B3D7FBF2496E30700D73101 /* Build configuration list for PBXProject "RestaurantApp" */ = {
			isa = XCConfigurationList;
			buildConfigurations = (
				4B3D7FD62496E30A00D73101 /* Debug */,
				4B3D7FD72496E30A00D73101 /* Release */,
			);
			defaultConfigurationIsVisible = 0;
			defaultConfigurationName = Release;
		};
		4B3D7FD82496E30A00D73101 /* Build configuration list for PBXNativeTarget "RestaurantApp" */ = {
			isa = XCConfigurationList;
			buildConfigurations = (
				4B3D7FD92496E30A00D73101 /* Debug */,
				4B3D7FDA2496E30A00D73101 /* Release */,
			);
			defaultConfigurationIsVisible = 0;
			defaultConfigurationName = Release;
		};
/* End XCConfigurationList section */
	};
	rootObject = 4B3D7FBC2496E30700D73101 /* Project object */;
}
